// !$*UTF8*$!
{
	archiveVersion = 1;
	classes = {
	};
	objectVersion = 46;
	objects = {

/* Begin PBXBuildFile section */
		C292620018B5FB0B00BA30BD /* UIKit.framework in Frameworks */ = {isa = PBXBuildFile; fileRef = C29261FF18B5FB0B00BA30BD /* UIKit.framework */; };
		C292620218B5FB0B00BA30BD /* Foundation.framework in Frameworks */ = {isa = PBXBuildFile; fileRef = C292620118B5FB0B00BA30BD /* Foundation.framework */; };
		C292620418B5FB0B00BA30BD /* CoreGraphics.framework in Frameworks */ = {isa = PBXBuildFile; fileRef = C292620318B5FB0B00BA30BD /* CoreGraphics.framework */; };
		C292620A18B5FB0B00BA30BD /* InfoPlist.strings in Resources */ = {isa = PBXBuildFile; fileRef = C292620818B5FB0B00BA30BD /* InfoPlist.strings */; };
		C292620C18B5FB0B00BA30BD /* main.m in Sources */ = {isa = PBXBuildFile; fileRef = C292620B18B5FB0B00BA30BD /* main.m */; };
		C292621018B5FB0B00BA30BD /* CHHTAppDelegate.m in Sources */ = {isa = PBXBuildFile; fileRef = C292620F18B5FB0B00BA30BD /* CHHTAppDelegate.m */; };
		C292621218B5FB0B00BA30BD /* Default.png in Resources */ = {isa = PBXBuildFile; fileRef = C292621118B5FB0B00BA30BD /* Default.png */; };
		C292621418B5FB0B00BA30BD /* Default@2x.png in Resources */ = {isa = PBXBuildFile; fileRef = C292621318B5FB0B00BA30BD /* Default@2x.png */; };
		C292621618B5FB0B00BA30BD /* Default-568h@2x.png in Resources */ = {isa = PBXBuildFile; fileRef = C292621518B5FB0B00BA30BD /* Default-568h@2x.png */; };
		C292621E18B5FB0C00BA30BD /* SenTestingKit.framework in Frameworks */ = {isa = PBXBuildFile; fileRef = C292621D18B5FB0C00BA30BD /* SenTestingKit.framework */; };
		C292621F18B5FB0C00BA30BD /* UIKit.framework in Frameworks */ = {isa = PBXBuildFile; fileRef = C29261FF18B5FB0B00BA30BD /* UIKit.framework */; };
		C292622018B5FB0C00BA30BD /* Foundation.framework in Frameworks */ = {isa = PBXBuildFile; fileRef = C292620118B5FB0B00BA30BD /* Foundation.framework */; };
		C292622818B5FB0C00BA30BD /* InfoPlist.strings in Resources */ = {isa = PBXBuildFile; fileRef = C292622618B5FB0C00BA30BD /* InfoPlist.strings */; };
		C292622B18B5FB0C00BA30BD /* Quiz_BowlTests.m in Sources */ = {isa = PBXBuildFile; fileRef = C292622A18B5FB0C00BA30BD /* Quiz_BowlTests.m */; };
		C292623518B6010A00BA30BD /* MainStoryboard.storyboard in Resources */ = {isa = PBXBuildFile; fileRef = C292623418B6010A00BA30BD /* MainStoryboard.storyboard */; };
		C2947B5318B9D4040028DF7A /* Property List.plist in Resources */ = {isa = PBXBuildFile; fileRef = C2947B5218B9D4040028DF7A /* Property List.plist */; };
		C2947B5718B9D9470028DF7A /* CHHTQuestion.m in Sources */ = {isa = PBXBuildFile; fileRef = C2947B5618B9D9470028DF7A /* CHHTQuestion.m */; };
		C2947B5A18B9DF740028DF7A /* CHHTGameController.m in Sources */ = {isa = PBXBuildFile; fileRef = C2947B5918B9DF740028DF7A /* CHHTGameController.m */; };
		C2947B5D18B9E29E0028DF7A /* CHHTViewController.m in Sources */ = {isa = PBXBuildFile; fileRef = C2947B5C18B9E29E0028DF7A /* CHHTViewController.m */; };
		C2B66B1318BB147F00691A0A /* CHHTQuestionView.m in Sources */ = {isa = PBXBuildFile; fileRef = C2B66B1218BB147F00691A0A /* CHHTQuestionView.m */; };
/* End PBXBuildFile section */

/* Begin PBXContainerItemProxy section */
		C292622118B5FB0C00BA30BD /* PBXContainerItemProxy */ = {
			isa = PBXContainerItemProxy;
			containerPortal = C29261F418B5FB0B00BA30BD /* Project object */;
			proxyType = 1;
			remoteGlobalIDString = C29261FB18B5FB0B00BA30BD;
			remoteInfo = "Quiz-Bowl";
		};
/* End PBXContainerItemProxy section */

/* Begin PBXFileReference section */
		C29261FC18B5FB0B00BA30BD /* Quiz-Bowl.app */ = {isa = PBXFileReference; explicitFileType = wrapper.application; includeInIndex = 0; path = "Quiz-Bowl.app"; sourceTree = BUILT_PRODUCTS_DIR; };
		C29261FF18B5FB0B00BA30BD /* UIKit.framework */ = {isa = PBXFileReference; lastKnownFileType = wrapper.framework; name = UIKit.framework; path = System/Library/Frameworks/UIKit.framework; sourceTree = SDKROOT; };
		C292620118B5FB0B00BA30BD /* Foundation.framework */ = {isa = PBXFileReference; lastKnownFileType = wrapper.framework; name = Foundation.framework; path = System/Library/Frameworks/Foundation.framework; sourceTree = SDKROOT; };
		C292620318B5FB0B00BA30BD /* CoreGraphics.framework */ = {isa = PBXFileReference; lastKnownFileType = wrapper.framework; name = CoreGraphics.framework; path = System/Library/Frameworks/CoreGraphics.framework; sourceTree = SDKROOT; };
		C292620718B5FB0B00BA30BD /* Quiz-Bowl-Info.plist */ = {isa = PBXFileReference; lastKnownFileType = text.plist.xml; path = "Quiz-Bowl-Info.plist"; sourceTree = "<group>"; };
		C292620918B5FB0B00BA30BD /* en */ = {isa = PBXFileReference; lastKnownFileType = text.plist.strings; name = en; path = en.lproj/InfoPlist.strings; sourceTree = "<group>"; };
		C292620B18B5FB0B00BA30BD /* main.m */ = {isa = PBXFileReference; lastKnownFileType = sourcecode.c.objc; path = main.m; sourceTree = "<group>"; };
		C292620D18B5FB0B00BA30BD /* Quiz-Bowl-Prefix.pch */ = {isa = PBXFileReference; lastKnownFileType = sourcecode.c.h; path = "Quiz-Bowl-Prefix.pch"; sourceTree = "<group>"; };
		C292620E18B5FB0B00BA30BD /* CHHTAppDelegate.h */ = {isa = PBXFileReference; lastKnownFileType = sourcecode.c.h; path = CHHTAppDelegate.h; sourceTree = "<group>"; };
		C292620F18B5FB0B00BA30BD /* CHHTAppDelegate.m */ = {isa = PBXFileReference; lastKnownFileType = sourcecode.c.objc; path = CHHTAppDelegate.m; sourceTree = "<group>"; };
		C292621118B5FB0B00BA30BD /* Default.png */ = {isa = PBXFileReference; lastKnownFileType = image.png; path = Default.png; sourceTree = "<group>"; };
		C292621318B5FB0B00BA30BD /* Default@2x.png */ = {isa = PBXFileReference; lastKnownFileType = image.png; path = "Default@2x.png"; sourceTree = "<group>"; };
		C292621518B5FB0B00BA30BD /* Default-568h@2x.png */ = {isa = PBXFileReference; lastKnownFileType = image.png; path = "Default-568h@2x.png"; sourceTree = "<group>"; };
		C292621C18B5FB0C00BA30BD /* Quiz-BowlTests.octest */ = {isa = PBXFileReference; explicitFileType = wrapper.cfbundle; includeInIndex = 0; path = "Quiz-BowlTests.octest"; sourceTree = BUILT_PRODUCTS_DIR; };
		C292621D18B5FB0C00BA30BD /* SenTestingKit.framework */ = {isa = PBXFileReference; lastKnownFileType = wrapper.framework; name = SenTestingKit.framework; path = Library/Frameworks/SenTestingKit.framework; sourceTree = DEVELOPER_DIR; };
		C292622518B5FB0C00BA30BD /* Quiz-BowlTests-Info.plist */ = {isa = PBXFileReference; lastKnownFileType = text.plist.xml; path = "Quiz-BowlTests-Info.plist"; sourceTree = "<group>"; };
		C292622718B5FB0C00BA30BD /* en */ = {isa = PBXFileReference; lastKnownFileType = text.plist.strings; name = en; path = en.lproj/InfoPlist.strings; sourceTree = "<group>"; };
		C292622918B5FB0C00BA30BD /* Quiz_BowlTests.h */ = {isa = PBXFileReference; lastKnownFileType = sourcecode.c.h; path = Quiz_BowlTests.h; sourceTree = "<group>"; };
		C292622A18B5FB0C00BA30BD /* Quiz_BowlTests.m */ = {isa = PBXFileReference; lastKnownFileType = sourcecode.c.objc; path = Quiz_BowlTests.m; sourceTree = "<group>"; };
		C292623418B6010A00BA30BD /* MainStoryboard.storyboard */ = {isa = PBXFileReference; fileEncoding = 4; lastKnownFileType = file.storyboard; path = MainStoryboard.storyboard; sourceTree = "<group>"; };
		C2947B5218B9D4040028DF7A /* Property List.plist */ = {isa = PBXFileReference; fileEncoding = 4; lastKnownFileType = text.plist.xml; path = "Property List.plist"; sourceTree = "<group>"; };
		C2947B5518B9D9470028DF7A /* CHHTQuestion.h */ = {isa = PBXFileReference; fileEncoding = 4; lastKnownFileType = sourcecode.c.h; path = CHHTQuestion.h; sourceTree = "<group>"; };
		C2947B5618B9D9470028DF7A /* CHHTQuestion.m */ = {isa = PBXFileReference; fileEncoding = 4; lastKnownFileType = sourcecode.c.objc; path = CHHTQuestion.m; sourceTree = "<group>"; };
		C2947B5818B9DF740028DF7A /* CHHTGameController.h */ = {isa = PBXFileReference; fileEncoding = 4; lastKnownFileType = sourcecode.c.h; path = CHHTGameController.h; sourceTree = "<group>"; };
		C2947B5918B9DF740028DF7A /* CHHTGameController.m */ = {isa = PBXFileReference; fileEncoding = 4; lastKnownFileType = sourcecode.c.objc; path = CHHTGameController.m; sourceTree = "<group>"; };
		C2947B5B18B9E29E0028DF7A /* CHHTViewController.h */ = {isa = PBXFileReference; fileEncoding = 4; lastKnownFileType = sourcecode.c.h; path = CHHTViewController.h; sourceTree = "<group>"; };
		C2947B5C18B9E29E0028DF7A /* CHHTViewController.m */ = {isa = PBXFileReference; fileEncoding = 4; lastKnownFileType = sourcecode.c.objc; path = CHHTViewController.m; sourceTree = "<group>"; };
		C2B66B0D18BAB9DB00691A0A /* config.h */ = {isa = PBXFileReference; lastKnownFileType = sourcecode.c.h; path = config.h; sourceTree = "<group>"; };
		C2B66B1118BB147F00691A0A /* CHHTQuestionView.h */ = {isa = PBXFileReference; fileEncoding = 4; lastKnownFileType = sourcecode.c.h; path = CHHTQuestionView.h; sourceTree = "<group>"; };
		C2B66B1218BB147F00691A0A /* CHHTQuestionView.m */ = {isa = PBXFileReference; fileEncoding = 4; lastKnownFileType = sourcecode.c.objc; path = CHHTQuestionView.m; sourceTree = "<group>"; };
/* End PBXFileReference section */

/* Begin PBXFrameworksBuildPhase section */
		C29261F918B5FB0B00BA30BD /* Frameworks */ = {
			isa = PBXFrameworksBuildPhase;
			buildActionMask = 2147483647;
			files = (
				C292620018B5FB0B00BA30BD /* UIKit.framework in Frameworks */,
				C292620218B5FB0B00BA30BD /* Foundation.framework in Frameworks */,
				C292620418B5FB0B00BA30BD /* CoreGraphics.framework in Frameworks */,
			);
			runOnlyForDeploymentPostprocessing = 0;
		};
		C292621818B5FB0C00BA30BD /* Frameworks */ = {
			isa = PBXFrameworksBuildPhase;
			buildActionMask = 2147483647;
			files = (
				C292621E18B5FB0C00BA30BD /* SenTestingKit.framework in Frameworks */,
				C292621F18B5FB0C00BA30BD /* UIKit.framework in Frameworks */,
				C292622018B5FB0C00BA30BD /* Foundation.framework in Frameworks */,
			);
			runOnlyForDeploymentPostprocessing = 0;
		};
/* End PBXFrameworksBuildPhase section */

/* Begin PBXGroup section */
		C29261F318B5FB0B00BA30BD = {
			isa = PBXGroup;
			children = (
				C292620518B5FB0B00BA30BD /* Quiz-Bowl */,
				C292622318B5FB0C00BA30BD /* Quiz-BowlTests */,
				C29261FE18B5FB0B00BA30BD /* Frameworks */,
				C29261FD18B5FB0B00BA30BD /* Products */,
			);
			sourceTree = "<group>";
		};
		C29261FD18B5FB0B00BA30BD /* Products */ = {
			isa = PBXGroup;
			children = (
				C29261FC18B5FB0B00BA30BD /* Quiz-Bowl.app */,
				C292621C18B5FB0C00BA30BD /* Quiz-BowlTests.octest */,
			);
			name = Products;
			sourceTree = "<group>";
		};
		C29261FE18B5FB0B00BA30BD /* Frameworks */ = {
			isa = PBXGroup;
			children = (
				C29261FF18B5FB0B00BA30BD /* UIKit.framework */,
				C292620118B5FB0B00BA30BD /* Foundation.framework */,
				C292620318B5FB0B00BA30BD /* CoreGraphics.framework */,
				C292621D18B5FB0C00BA30BD /* SenTestingKit.framework */,
			);
			name = Frameworks;
			sourceTree = "<group>";
		};
		C292620518B5FB0B00BA30BD /* Quiz-Bowl */ = {
			isa = PBXGroup;
			children = (
				C2B66B0D18BAB9DB00691A0A /* config.h */,
				C2947B5418B9D9010028DF7A /* Questions */,
				C292623A18B6053C00BA30BD /* Classes */,
				C292623B18B6059400BA30BD /* Assets */,
				C292620618B5FB0B00BA30BD /* Supporting Files */,
			);
			path = "Quiz-Bowl";
			sourceTree = "<group>";
		};
		C292620618B5FB0B00BA30BD /* Supporting Files */ = {
			isa = PBXGroup;
			children = (
				C292620718B5FB0B00BA30BD /* Quiz-Bowl-Info.plist */,
				C292620818B5FB0B00BA30BD /* InfoPlist.strings */,
				C292620B18B5FB0B00BA30BD /* main.m */,
				C292620D18B5FB0B00BA30BD /* Quiz-Bowl-Prefix.pch */,
				C292621118B5FB0B00BA30BD /* Default.png */,
				C292621318B5FB0B00BA30BD /* Default@2x.png */,
				C292621518B5FB0B00BA30BD /* Default-568h@2x.png */,
			);
			name = "Supporting Files";
			sourceTree = "<group>";
		};
		C292622318B5FB0C00BA30BD /* Quiz-BowlTests */ = {
			isa = PBXGroup;
			children = (
				C292622918B5FB0C00BA30BD /* Quiz_BowlTests.h */,
				C292622A18B5FB0C00BA30BD /* Quiz_BowlTests.m */,
				C292622418B5FB0C00BA30BD /* Supporting Files */,
			);
			path = "Quiz-BowlTests";
			sourceTree = "<group>";
		};
		C292622418B5FB0C00BA30BD /* Supporting Files */ = {
			isa = PBXGroup;
			children = (
				C292622518B5FB0C00BA30BD /* Quiz-BowlTests-Info.plist */,
				C292622618B5FB0C00BA30BD /* InfoPlist.strings */,
			);
			name = "Supporting Files";
			sourceTree = "<group>";
		};
		C292623718B6041E00BA30BD /* View */ = {
			isa = PBXGroup;
			children = (
				C2B66B1118BB147F00691A0A /* CHHTQuestionView.h */,
				C2B66B1218BB147F00691A0A /* CHHTQuestionView.m */,
			);
			name = View;
			sourceTree = "<group>";
		};
		C292623818B6042800BA30BD /* Controller */ = {
			isa = PBXGroup;
			children = (
				C2947B5818B9DF740028DF7A /* CHHTGameController.h */,
				C2947B5918B9DF740028DF7A /* CHHTGameController.m */,
			);
			name = Controller;
			sourceTree = "<group>";
		};
		C292623918B6053400BA30BD /* Model */ = {
			isa = PBXGroup;
			children = (
				C2947B5518B9D9470028DF7A /* CHHTQuestion.h */,
				C2947B5618B9D9470028DF7A /* CHHTQuestion.m */,
			);
			name = Model;
			sourceTree = "<group>";
		};
		C292623A18B6053C00BA30BD /* Classes */ = {
			isa = PBXGroup;
			children = (
				C292623918B6053400BA30BD /* Model */,
				C292623718B6041E00BA30BD /* View */,
				C292623818B6042800BA30BD /* Controller */,
			);
			name = Classes;
			sourceTree = "<group>";
		};
		C292623B18B6059400BA30BD /* Assets */ = {
			isa = PBXGroup;
			children = (
				C2947B5B18B9E29E0028DF7A /* CHHTViewController.h */,
				C2947B5C18B9E29E0028DF7A /* CHHTViewController.m */,
				C292623418B6010A00BA30BD /* MainStoryboard.storyboard */,
				C292620F18B5FB0B00BA30BD /* CHHTAppDelegate.m */,
				C292620E18B5FB0B00BA30BD /* CHHTAppDelegate.h */,
			);
			name = Assets;
			sourceTree = "<group>";
		};
		C2947B5418B9D9010028DF7A /* Questions */ = {
			isa = PBXGroup;
			children = (
				C2947B5218B9D4040028DF7A /* Property List.plist */,
			);
			name = Questions;
			sourceTree = "<group>";
		};
/* End PBXGroup section */

/* Begin PBXNativeTarget section */
		C29261FB18B5FB0B00BA30BD /* Quiz-Bowl */ = {
			isa = PBXNativeTarget;
			buildConfigurationList = C292622E18B5FB0C00BA30BD /* Build configuration list for PBXNativeTarget "Quiz-Bowl" */;
			buildPhases = (
				C29261F818B5FB0B00BA30BD /* Sources */,
				C29261F918B5FB0B00BA30BD /* Frameworks */,
				C29261FA18B5FB0B00BA30BD /* Resources */,
			);
			buildRules = (
			);
			dependencies = (
			);
			name = "Quiz-Bowl";
			productName = "Quiz-Bowl";
			productReference = C29261FC18B5FB0B00BA30BD /* Quiz-Bowl.app */;
			productType = "com.apple.product-type.application";
		};
		C292621B18B5FB0C00BA30BD /* Quiz-BowlTests */ = {
			isa = PBXNativeTarget;
			buildConfigurationList = C292623118B5FB0C00BA30BD /* Build configuration list for PBXNativeTarget "Quiz-BowlTests" */;
			buildPhases = (
				C292621718B5FB0C00BA30BD /* Sources */,
				C292621818B5FB0C00BA30BD /* Frameworks */,
				C292621918B5FB0C00BA30BD /* Resources */,
				C292621A18B5FB0C00BA30BD /* ShellScript */,
			);
			buildRules = (
			);
			dependencies = (
				C292622218B5FB0C00BA30BD /* PBXTargetDependency */,
			);
			name = "Quiz-BowlTests";
			productName = "Quiz-BowlTests";
			productReference = C292621C18B5FB0C00BA30BD /* Quiz-BowlTests.octest */;
			productType = "com.apple.product-type.bundle";
		};
/* End PBXNativeTarget section */

/* Begin PBXProject section */
		C29261F418B5FB0B00BA30BD /* Project object */ = {
			isa = PBXProject;
			attributes = {
				CLASSPREFIX = CHHT;
				LastUpgradeCheck = 0460;
				ORGANIZATIONNAME = Zohm;
			};
			buildConfigurationList = C29261F718B5FB0B00BA30BD /* Build configuration list for PBXProject "Quiz-Bowl" */;
			compatibilityVersion = "Xcode 3.2";
			developmentRegion = English;
			hasScannedForEncodings = 0;
			knownRegions = (
				en,
			);
			mainGroup = C29261F318B5FB0B00BA30BD;
			productRefGroup = C29261FD18B5FB0B00BA30BD /* Products */;
			projectDirPath = "";
			projectRoot = "";
			targets = (
				C29261FB18B5FB0B00BA30BD /* Quiz-Bowl */,
				C292621B18B5FB0C00BA30BD /* Quiz-BowlTests */,
			);
		};
/* End PBXProject section */

/* Begin PBXResourcesBuildPhase section */
		C29261FA18B5FB0B00BA30BD /* Resources */ = {
			isa = PBXResourcesBuildPhase;
			buildActionMask = 2147483647;
			files = (
				C292620A18B5FB0B00BA30BD /* InfoPlist.strings in Resources */,
				C292621218B5FB0B00BA30BD /* Default.png in Resources */,
				C292621418B5FB0B00BA30BD /* Default@2x.png in Resources */,
				C292621618B5FB0B00BA30BD /* Default-568h@2x.png in Resources */,
				C292623518B6010A00BA30BD /* MainStoryboard.storyboard in Resources */,
				C2947B5318B9D4040028DF7A /* Property List.plist in Resources */,
			);
			runOnlyForDeploymentPostprocessing = 0;
		};
		C292621918B5FB0C00BA30BD /* Resources */ = {
			isa = PBXResourcesBuildPhase;
			buildActionMask = 2147483647;
			files = (
				C292622818B5FB0C00BA30BD /* InfoPlist.strings in Resources */,
			);
			runOnlyForDeploymentPostprocessing = 0;
		};
/* End PBXResourcesBuildPhase section */

/* Begin PBXShellScriptBuildPhase section */
		C292621A18B5FB0C00BA30BD /* ShellScript */ = {
			isa = PBXShellScriptBuildPhase;
			buildActionMask = 2147483647;
			files = (
			);
			inputPaths = (
			);
			outputPaths = (
			);
			runOnlyForDeploymentPostprocessing = 0;
			shellPath = /bin/sh;
			shellScript = "# Run the unit tests in this test bundle.\n\"${SYSTEM_DEVELOPER_DIR}/Tools/RunUnitTests\"\n";
		};
/* End PBXShellScriptBuildPhase section */

/* Begin PBXSourcesBuildPhase section */
		C29261F818B5FB0B00BA30BD /* Sources */ = {
			isa = PBXSourcesBuildPhase;
			buildActionMask = 2147483647;
			files = (
				C292620C18B5FB0B00BA30BD /* main.m in Sources */,
				C292621018B5FB0B00BA30BD /* CHHTAppDelegate.m in Sources */,
				C2947B5718B9D9470028DF7A /* CHHTQuestion.m in Sources */,
				C2947B5A18B9DF740028DF7A /* CHHTGameController.m in Sources */,
				C2947B5D18B9E29E0028DF7A /* CHHTViewController.m in Sources */,
				C2B66B1318BB147F00691A0A /* CHHTQuestionView.m in Sources */,
			);
			runOnlyForDeploymentPostprocessing = 0;
		};
		C292621718B5FB0C00BA30BD /* Sources */ = {
			isa = PBXSourcesBuildPhase;
			buildActionMask = 2147483647;
			files = (
				C292622B18B5FB0C00BA30BD /* Quiz_BowlTests.m in Sources */,
			);
			runOnlyForDeploymentPostprocessing = 0;
		};
/* End PBXSourcesBuildPhase section */

/* Begin PBXTargetDependency section */
		C292622218B5FB0C00BA30BD /* PBXTargetDependency */ = {
			isa = PBXTargetDependency;
			target = C29261FB18B5FB0B00BA30BD /* Quiz-Bowl */;
			targetProxy = C292622118B5FB0C00BA30BD /* PBXContainerItemProxy */;
		};
/* End PBXTargetDependency section */

/* Begin PBXVariantGroup section */
		C292620818B5FB0B00BA30BD /* InfoPlist.strings */ = {
			isa = PBXVariantGroup;
			children = (
				C292620918B5FB0B00BA30BD /* en */,
			);
			name = InfoPlist.strings;
			sourceTree = "<group>";
		};
		C292622618B5FB0C00BA30BD /* InfoPlist.strings */ = {
			isa = PBXVariantGroup;
			children = (
				C292622718B5FB0C00BA30BD /* en */,
			);
			name = InfoPlist.strings;
			sourceTree = "<group>";
		};
/* End PBXVariantGroup section */

/* Begin XCBuildConfiguration section */
		C292622C18B5FB0C00BA30BD /* Debug */ = {
			isa = XCBuildConfiguration;
			buildSettings = {
				ALWAYS_SEARCH_USER_PATHS = NO;
				CLANG_CXX_LANGUAGE_STANDARD = "gnu++0x";
				CLANG_CXX_LIBRARY = "libc++";
				CLANG_ENABLE_OBJC_ARC = YES;
				CLANG_WARN_CONSTANT_CONVERSION = YES;
				CLANG_WARN_EMPTY_BODY = YES;
				CLANG_WARN_ENUM_CONVERSION = YES;
				CLANG_WARN_INT_CONVERSION = YES;
				CLANG_WARN__DUPLICATE_METHOD_MATCH = YES;
				"CODE_SIGN_IDENTITY[sdk=iphoneos*]" = "iPhone Developer";
				COPY_PHASE_STRIP = NO;
				GCC_C_LANGUAGE_STANDARD = gnu99;
				GCC_DYNAMIC_NO_PIC = NO;
				GCC_OPTIMIZATION_LEVEL = 0;
				GCC_PREPROCESSOR_DEFINITIONS = (
					"DEBUG=1",
					"$(inherited)",
				);
				GCC_SYMBOLS_PRIVATE_EXTERN = NO;
				GCC_WARN_ABOUT_RETURN_TYPE = YES;
				GCC_WARN_UNINITIALIZED_AUTOS = YES;
				GCC_WARN_UNUSED_VARIABLE = YES;
				IPHONEOS_DEPLOYMENT_TARGET = 6.1;
				ONLY_ACTIVE_ARCH = YES;
				SDKROOT = iphoneos;
				TARGETED_DEVICE_FAMILY = 2;
			};
			name = Debug;
		};
		C292622D18B5FB0C00BA30BD /* Release */ = {
			isa = XCBuildConfiguration;
			buildSettings = {
				ALWAYS_SEARCH_USER_PATHS = NO;
				CLANG_CXX_LANGUAGE_STANDARD = "gnu++0x";
				CLANG_CXX_LIBRARY = "libc++";
				CLANG_ENABLE_OBJC_ARC = YES;
				CLANG_WARN_CONSTANT_CONVERSION = YES;
				CLANG_WARN_EMPTY_BODY = YES;
				CLANG_WARN_ENUM_CONVERSION = YES;
				CLANG_WARN_INT_CONVERSION = YES;
				CLANG_WARN__DUPLICATE_METHOD_MATCH = YES;
				"CODE_SIGN_IDENTITY[sdk=iphoneos*]" = "iPhone Developer";
				COPY_PHASE_STRIP = YES;
				GCC_C_LANGUAGE_STANDARD = gnu99;
				GCC_WARN_ABOUT_RETURN_TYPE = YES;
				GCC_WARN_UNINITIALIZED_AUTOS = YES;
				GCC_WARN_UNUSED_VARIABLE = YES;
				IPHONEOS_DEPLOYMENT_TARGET = 6.1;
				OTHER_CFLAGS = "-DNS_BLOCK_ASSERTIONS=1";
				SDKROOT = iphoneos;
				TARGETED_DEVICE_FAMILY = 2;
				VALIDATE_PRODUCT = YES;
			};
			name = Release;
		};
		C292622F18B5FB0C00BA30BD /* Debug */ = {
			isa = XCBuildConfiguration;
			buildSettings = {
				GCC_PRECOMPILE_PREFIX_HEADER = YES;
				GCC_PREFIX_HEADER = "Quiz-Bowl/Quiz-Bowl-Prefix.pch";
				INFOPLIST_FILE = "Quiz-Bowl/Quiz-Bowl-Info.plist";
				PRODUCT_NAME = "$(TARGET_NAME)";
				TARGETED_DEVICE_FAMILY = 2;
				WRAPPER_EXTENSION = app;
			};
			name = Debug;
		};
		C292623018B5FB0C00BA30BD /* Release */ = {
			isa = XCBuildConfiguration;
			buildSettings = {
				GCC_PRECOMPILE_PREFIX_HEADER = YES;
				GCC_PREFIX_HEADER = "Quiz-Bowl/Quiz-Bowl-Prefix.pch";
				INFOPLIST_FILE = "Quiz-Bowl/Quiz-Bowl-Info.plist";
				PRODUCT_NAME = "$(TARGET_NAME)";
				TARGETED_DEVICE_FAMILY = 2;
				WRAPPER_EXTENSION = app;
			};
			name = Release;
		};
		C292623218B5FB0C00BA30BD /* Debug */ = {
			isa = XCBuildConfiguration;
			buildSettings = {
				BUNDLE_LOADER = "$(BUILT_PRODUCTS_DIR)/Quiz-Bowl.app/Quiz-Bowl";
				FRAMEWORK_SEARCH_PATHS = (
					"\"$(SDKROOT)/Developer/Library/Frameworks\"",
					"\"$(DEVELOPER_LIBRARY_DIR)/Frameworks\"",
				);
				GCC_PRECOMPILE_PREFIX_HEADER = YES;
				GCC_PREFIX_HEADER = "Quiz-Bowl/Quiz-Bowl-Prefix.pch";
				INFOPLIST_FILE = "Quiz-BowlTests/Quiz-BowlTests-Info.plist";
				PRODUCT_NAME = "$(TARGET_NAME)";
				TEST_HOST = "$(BUNDLE_LOADER)";
				WRAPPER_EXTENSION = octest;
			};
			name = Debug;
		};
		C292623318B5FB0C00BA30BD /* Release */ = {
			isa = XCBuildConfiguration;
			buildSettings = {
				BUNDLE_LOADER = "$(BUILT_PRODUCTS_DIR)/Quiz-Bowl.app/Quiz-Bowl";
				FRAMEWORK_SEARCH_PATHS = (
					"\"$(SDKROOT)/Developer/Library/Frameworks\"",
					"\"$(DEVELOPER_LIBRARY_DIR)/Frameworks\"",
				);
				GCC_PRECOMPILE_PREFIX_HEADER = YES;
				GCC_PREFIX_HEADER = "Quiz-Bowl/Quiz-Bowl-Prefix.pch";
				INFOPLIST_FILE = "Quiz-BowlTests/Quiz-BowlTests-Info.plist";
				PRODUCT_NAME = "$(TARGET_NAME)";
				TEST_HOST = "$(BUNDLE_LOADER)";
				WRAPPER_EXTENSION = octest;
			};
			name = Release;
		};
/* End XCBuildConfiguration section */

/* Begin XCConfigurationList section */
		C29261F718B5FB0B00BA30BD /* Build configuration list for PBXProject "Quiz-Bowl" */ = {
			isa = XCConfigurationList;
			buildConfigurations = (
				C292622C18B5FB0C00BA30BD /* Debug */,
				C292622D18B5FB0C00BA30BD /* Release */,
			);
			defaultConfigurationIsVisible = 0;
			defaultConfigurationName = Release;
		};
		C292622E18B5FB0C00BA30BD /* Build configuration list for PBXNativeTarget "Quiz-Bowl" */ = {
			isa = XCConfigurationList;
			buildConfigurations = (
				C292622F18B5FB0C00BA30BD /* Debug */,
				C292623018B5FB0C00BA30BD /* Release */,
			);
			defaultConfigurationIsVisible = 0;
			defaultConfigurationName = Release;
		};
		C292623118B5FB0C00BA30BD /* Build configuration list for PBXNativeTarget "Quiz-BowlTests" */ = {
			isa = XCConfigurationList;
			buildConfigurations = (
				C292623218B5FB0C00BA30BD /* Debug */,
				C292623318B5FB0C00BA30BD /* Release */,
			);
			defaultConfigurationIsVisible = 0;
			defaultConfigurationName = Release;
		};
/* End XCConfigurationList section */
	};
	rootObject = C29261F418B5FB0B00BA30BD /* Project object */;
}
